{
  "name": "typescript",
  "lockfileVersion": 3,
  "requires": true,
  "packages": {
    "": {
      "devDependencies": {
        "@types/jasmine": "^5.1.4",
        "@types/jasminewd2": "^2.0.13",
        "@types/node": "^22.8.0"
      }
    },
    "node_modules/@types/jasmine": {
      "version": "5.1.4",
      "resolved": "https://registry.npmjs.org/@types/jasmine/-/jasmine-5.1.4.tgz",
      "integrity": "sha512-px7OMFO/ncXxixDe1zR13V1iycqWae0MxTaw62RpFlksUi5QuNWgQJFkTQjIOvrmutJbI7Fp2Y2N1F6D2R4G6w==",
      "dev": true
    },
    "node_modules/@types/jasminewd2": {
      "version": "2.0.13",
      "resolved": "https://registry.npmjs.org/@types/jasminewd2/-/jasminewd2-2.0.13.tgz",
      "integrity": "sha512-aJ3wj8tXMpBrzQ5ghIaqMisD8C3FIrcO6sDKHqFbuqAsI7yOxj0fA7MrRCPLZHIVUjERIwsMmGn/vB0UQ9u0Hg==",
      "dev": true,
      "dependencies": {
        "@types/jasmine": "*"
      }
    },
    "node_modules/@types/node": {
      "version": "22.8.0",
      "resolved": "https://registry.npmjs.org/@types/node/-/node-22.8.0.tgz",
      "integrity": "sha512-84rafSBHC/z1i1E3p0cJwKA+CfYDNSXX9WSZBRopjIzLET8oNt6ht2tei4C7izwDeEiLLfdeSVBv1egOH916hg==",
      "dev": true,
      "dependencies": {
        "undici-types": "~6.19.8"
      }
    },
    "node_modules/undici-types": {
      "version": "6.19.8",
      "resolved": "https://registry.npmjs.org/undici-types/-/undici-types-6.19.8.tgz",
      "integrity": "sha512-ve2KP6f/JnbPBFyobGHuerC9g1FYGn/F8n1LWTwNxCEzd6IfqTwUQcNXgEtmmQ6DlRrC1hrSrBnCZPokRrDHjw==",
      "dev": true
    }
  }
}
